
Microsoft Visual Studio Solution File, Format Version 12.00
# Visual Studio 15
VisualStudioVersion = 15.0.27428.2015
MinimumVisualStudioVersion = 10.0.40219.1
Project("{FAE04EC0-301F-11D3-BF4B-00C04F79EFBC}") = "Stores.Model", "Stores.Model\Stores.Model.csproj", "{CF5A1CC0-B5D3-42B2-A77B-B7C20B191575}"
EndProject
Project("{FAE04EC0-301F-11D3-BF4B-00C04F79EFBC}") = "Stores.Data", "Stores.Data\Stores.Data.csproj", "{7B8C37C5-C0CF-4210-AAA1-9E3C135FBD7B}"
EndProject
Project("{FAE04EC0-301F-11D3-BF4B-00C04F79EFBC}") = "Stores.Service", "Store.Service\Stores.Service.csproj", "{7AA397FE-B59D-4618-AB2F-FAB4121D9775}"
EndProject
Project("{FAE04EC0-301F-11D3-BF4B-00C04F79EFBC}") = "Stores.Web", "Stores.Web\Stores.Web.csproj", "{8BF4A63A-6F3F-499C-9BDB-963E9B187D3A}"
EndProject
Global
	GlobalSection(SolutionConfigurationPlatforms) = preSolution
		Debug|Any CPU = Debug|Any CPU
		Release|Any CPU = Release|Any CPU
	EndGlobalSection
	GlobalSection(ProjectConfigurationPlatforms) = postSolution
		{CF5A1CC0-B5D3-42B2-A77B-B7C20B191575}.Debug|Any CPU.ActiveCfg = Debug|Any CPU
		{CF5A1CC0-B5D3-42B2-A77B-B7C20B191575}.Debug|Any CPU.Build.0 = Debug|Any CPU
		{CF5A1CC0-B5D3-42B2-A77B-B7C20B191575}.Release|Any CPU.ActiveCfg = Release|Any CPU
		{CF5A1CC0-B5D3-42B2-A77B-B7C20B191575}.Release|Any CPU.Build.0 = Release|Any CPU
		{7B8C37C5-C0CF-4210-AAA1-9E3C135FBD7B}.Debug|Any CPU.ActiveCfg = Debug|Any CPU
		{7B8C37C5-C0CF-4210-AAA1-9E3C135FBD7B}.Debug|Any CPU.Build.0 = Debug|Any CPU
		{7B8C37C5-C0CF-4210-AAA1-9E3C135FBD7B}.Release|Any CPU.ActiveCfg = Release|Any CPU
		{7B8C37C5-C0CF-4210-AAA1-9E3C135FBD7B}.Release|Any CPU.Build.0 = Release|Any CPU
		{7AA397FE-B59D-4618-AB2F-FAB4121D9775}.Debug|Any CPU.ActiveCfg = Debug|Any CPU
		{7AA397FE-B59D-4618-AB2F-FAB4121D9775}.Debug|Any CPU.Build.0 = Debug|Any CPU
		{7AA397FE-B59D-4618-AB2F-FAB4121D9775}.Release|Any CPU.ActiveCfg = Release|Any CPU
		{7AA397FE-B59D-4618-AB2F-FAB4121D9775}.Release|Any CPU.Build.0 = Release|Any CPU
		{8BF4A63A-6F3F-499C-9BDB-963E9B187D3A}.Debug|Any CPU.ActiveCfg = Debug|Any CPU
		{8BF4A63A-6F3F-499C-9BDB-963E9B187D3A}.Debug|Any CPU.Build.0 = Debug|Any CPU
		{8BF4A63A-6F3F-499C-9BDB-963E9B187D3A}.Release|Any CPU.ActiveCfg = Release|Any CPU
		{8BF4A63A-6F3F-499C-9BDB-963E9B187D3A}.Release|Any CPU.Build.0 = Release|Any CPU
	EndGlobalSection
	GlobalSection(SolutionProperties) = preSolution
		HideSolutionNode = FALSE
	EndGlobalSection
	GlobalSection(ExtensibilityGlobals) = postSolution
		SolutionGuid = {41CF2E55-CF62-4B30-9E68-40887B888F7C}
	EndGlobalSection
EndGlobal
